// !$*UTF8*$!
{
	archiveVersion = 1;
	classes = {
	};
	objectVersion = 55;
	objects = {

/* Begin PBXBuildFile section */
		8E41FCCF269B4BA4003AE55F /* AppDelegate.swift in Sources */ = {isa = PBXBuildFile; fileRef = 8E41FCCE269B4BA4003AE55F /* AppDelegate.swift */; };
		8E41FCD1269B4BA4003AE55F /* SceneDelegate.swift in Sources */ = {isa = PBXBuildFile; fileRef = 8E41FCD0269B4BA4003AE55F /* SceneDelegate.swift */; };
		8E41FCD3269B4BA4003AE55F /* ViewController.swift in Sources */ = {isa = PBXBuildFile; fileRef = 8E41FCD2269B4BA4003AE55F /* ViewController.swift */; };
		8E41FCD6269B4BA4003AE55F /* Main.storyboard in Resources */ = {isa = PBXBuildFile; fileRef = 8E41FCD4269B4BA4003AE55F /* Main.storyboard */; };
		8E41FCD8269B4BA5003AE55F /* Assets.xcassets in Resources */ = {isa = PBXBuildFile; fileRef = 8E41FCD7269B4BA5003AE55F /* Assets.xcassets */; };
		8E41FCDB269B4BA5003AE55F /* LaunchScreen.storyboard in Resources */ = {isa = PBXBuildFile; fileRef = 8E41FCD9269B4BA5003AE55F /* LaunchScreen.storyboard */; };
		8E41FCE6269B4BA5003AE55F /* test071102Tests.swift in Sources */ = {isa = PBXBuildFile; fileRef = 8E41FCE5269B4BA5003AE55F /* test071102Tests.swift */; };
		8E41FCF0269B4BA5003AE55F /* test071102UITests.swift in Sources */ = {isa = PBXBuildFile; fileRef = 8E41FCEF269B4BA5003AE55F /* test071102UITests.swift */; };
/* End PBXBuildFile section */

/* Begin PBXContainerItemProxy section */
		8E41FCE2269B4BA5003AE55F /* PBXContainerItemProxy */ = {
			isa = PBXContainerItemProxy;
			containerPortal = 8E41FCC3269B4BA4003AE55F /* Project object */;
			proxyType = 1;
			remoteGlobalIDString = 8E41FCCA269B4BA4003AE55F;
			remoteInfo = test071102;
		};
		8E41FCEC269B4BA5003AE55F /* PBXContainerItemProxy */ = {
			isa = PBXContainerItemProxy;
			containerPortal = 8E41FCC3269B4BA4003AE55F /* Project object */;
			proxyType = 1;
			remoteGlobalIDString = 8E41FCCA269B4BA4003AE55F;
			remoteInfo = test071102;
		};
/* End PBXContainerItemProxy section */

/* Begin PBXFileReference section */
		8E41FCCB269B4BA4003AE55F /* test071102.app */ = {isa = PBXFileReference; explicitFileType = wrapper.application; includeInIndex = 0; path = test071102.app; sourceTree = BUILT_PRODUCTS_DIR; };
		8E41FCCE269B4BA4003AE55F /* AppDelegate.swift */ = {isa = PBXFileReference; lastKnownFileType = sourcecode.swift; path = AppDelegate.swift; sourceTree = "<group>"; };
		8E41FCD0269B4BA4003AE55F /* SceneDelegate.swift */ = {isa = PBXFileReference; lastKnownFileType = sourcecode.swift; path = SceneDelegate.swift; sourceTree = "<group>"; };
		8E41FCD2269B4BA4003AE55F /* ViewController.swift */ = {isa = PBXFileReference; lastKnownFileType = sourcecode.swift; path = ViewController.swift; sourceTree = "<group>"; };
		8E41FCD5269B4BA4003AE55F /* Base */ = {isa = PBXFileReference; lastKnownFileType = file.storyboard; name = Base; path = Base.lproj/Main.storyboard; sourceTree = "<group>"; };
		8E41FCD7269B4BA5003AE55F /* Assets.xcassets */ = {isa = PBXFileReference; lastKnownFileType = folder.assetcatalog; path = Assets.xcassets; sourceTree = "<group>"; };
		8E41FCDA269B4BA5003AE55F /* Base */ = {isa = PBXFileReference; lastKnownFileType = file.storyboard; name = Base; path = Base.lproj/LaunchScreen.storyboard; sourceTree = "<group>"; };
		8E41FCDC269B4BA5003AE55F /* Info.plist */ = {isa = PBXFileReference; lastKnownFileType = text.plist.xml; path = Info.plist; sourceTree = "<group>"; };
		8E41FCE1269B4BA5003AE55F /* test071102Tests.xctest */ = {isa = PBXFileReference; explicitFileType = wrapper.cfbundle; includeInIndex = 0; path = test071102Tests.xctest; sourceTree = BUILT_PRODUCTS_DIR; };
		8E41FCE5269B4BA5003AE55F /* test071102Tests.swift */ = {isa = PBXFileReference; lastKnownFileType = sourcecode.swift; path = test071102Tests.swift; sourceTree = "<group>"; };
		8E41FCEB269B4BA5003AE55F /* test071102UITests.xctest */ = {isa = PBXFileReference; explicitFileType = wrapper.cfbundle; includeInIndex = 0; path = test071102UITests.xctest; sourceTree = BUILT_PRODUCTS_DIR; };
		8E41FCEF269B4BA5003AE55F /* test071102UITests.swift */ = {isa = PBXFileReference; lastKnownFileType = sourcecode.swift; path = test071102UITests.swift; sourceTree = "<group>"; };
/* End PBXFileReference section */

/* Begin PBXFrameworksBuildPhase section */
		8E41FCC8269B4BA4003AE55F /* Frameworks */ = {
			isa = PBXFrameworksBuildPhase;
			buildActionMask = 2147483647;
			files = (
			);
			runOnlyForDeploymentPostprocessing = 0;
		};
		8E41FCDE269B4BA5003AE55F /* Frameworks */ = {
			isa = PBXFrameworksBuildPhase;
			buildActionMask = 2147483647;
			files = (
			);
			runOnlyForDeploymentPostprocessing = 0;
		};
		8E41FCE8269B4BA5003AE55F /* Frameworks */ = {
			isa = PBXFrameworksBuildPhase;
			buildActionMask = 2147483647;
			files = (
			);
			runOnlyForDeploymentPostprocessing = 0;
		};
/* End PBXFrameworksBuildPhase section */

/* Begin PBXGroup section */
		8E41FCC2269B4BA4003AE55F = {
			isa = PBXGroup;
			children = (
				8E41FCCD269B4BA4003AE55F /* test071102 */,
				8E41FCE4269B4BA5003AE55F /* test071102Tests */,
				8E41FCEE269B4BA5003AE55F /* test071102UITests */,
				8E41FCCC269B4BA4003AE55F /* Products */,
			);
			sourceTree = "<group>";
		};
		8E41FCCC269B4BA4003AE55F /* Products */ = {
			isa = PBXGroup;
			children = (
				8E41FCCB269B4BA4003AE55F /* test071102.app */,
				8E41FCE1269B4BA5003AE55F /* test071102Tests.xctest */,
				8E41FCEB269B4BA5003AE55F /* test071102UITests.xctest */,
			);
			name = Products;
			sourceTree = "<group>";
		};
		8E41FCCD269B4BA4003AE55F /* test071102 */ = {
			isa = PBXGroup;
			children = (
				8E41FCCE269B4BA4003AE55F /* AppDelegate.swift */,
				8E41FCD0269B4BA4003AE55F /* SceneDelegate.swift */,
				8E41FCD2269B4BA4003AE55F /* ViewController.swift */,
				8E41FCD4269B4BA4003AE55F /* Main.storyboard */,
				8E41FCD7269B4BA5003AE55F /* Assets.xcassets */,
				8E41FCD9269B4BA5003AE55F /* LaunchScreen.storyboard */,
				8E41FCDC269B4BA5003AE55F /* Info.plist */,
			);
			path = test071102;
			sourceTree = "<group>";
		};
		8E41FCE4269B4BA5003AE55F /* test071102Tests */ = {
			isa = PBXGroup;
			children = (
				8E41FCE5269B4BA5003AE55F /* test071102Tests.swift */,
			);
			path = test071102Tests;
			sourceTree = "<group>";
		};
		8E41FCEE269B4BA5003AE55F /* test071102UITests */ = {
			isa = PBXGroup;
			children = (
				8E41FCEF269B4BA5003AE55F /* test071102UITests.swift */,
			);
			path = test071102UITests;
			sourceTree = "<group>";
		};
/* End PBXGroup section */

/* Begin PBXNativeTarget section */
		8E41FCCA269B4BA4003AE55F /* test071102 */ = {
			isa = PBXNativeTarget;
			buildConfigurationList = 8E41FCF3269B4BA5003AE55F /* Build configuration list for PBXNativeTarget "test071102" */;
			buildPhases = (
				8E41FCC7269B4BA4003AE55F /* Sources */,
				8E41FCC8269B4BA4003AE55F /* Frameworks */,
				8E41FCC9269B4BA4003AE55F /* Resources */,
			);
			buildRules = (
			);
			dependencies = (
			);
			name = test071102;
			productName = test071102;
			productReference = 8E41FCCB269B4BA4003AE55F /* test071102.app */;
			productType = "com.apple.product-type.application";
		};
		8E41FCE0269B4BA5003AE55F /* test071102Tests */ = {
			isa = PBXNativeTarget;
			buildConfigurationList = 8E41FCF6269B4BA5003AE55F /* Build configuration list for PBXNativeTarget "test071102Tests" */;
			buildPhases = (
				8E41FCDD269B4BA5003AE55F /* Sources */,
				8E41FCDE269B4BA5003AE55F /* Frameworks */,
				8E41FCDF269B4BA5003AE55F /* Resources */,
			);
			buildRules = (
			);
			dependencies = (
				8E41FCE3269B4BA5003AE55F /* PBXTargetDependency */,
			);
			name = test071102Tests;
			productName = test071102Tests;
			productReference = 8E41FCE1269B4BA5003AE55F /* test071102Tests.xctest */;
			productType = "com.apple.product-type.bundle.unit-test";
		};
		8E41FCEA269B4BA5003AE55F /* test071102UITests */ = {
			isa = PBXNativeTarget;
			buildConfigurationList = 8E41FCF9269B4BA5003AE55F /* Build configuration list for PBXNativeTarget "test071102UITests" */;
			buildPhases = (
				8E41FCE7269B4BA5003AE55F /* Sources */,
				8E41FCE8269B4BA5003AE55F /* Frameworks */,
				8E41FCE9269B4BA5003AE55F /* Resources */,
			);
			buildRules = (
			);
			dependencies = (
				8E41FCED269B4BA5003AE55F /* PBXTargetDependency */,
			);
			name = test071102UITests;
			productName = test071102UITests;
			productReference = 8E41FCEB269B4BA5003AE55F /* test071102UITests.xctest */;
			productType = "com.apple.product-type.bundle.ui-testing";
		};
/* End PBXNativeTarget section */

/* Begin PBXProject section */
		8E41FCC3269B4BA4003AE55F /* Project object */ = {
			isa = PBXProject;
			attributes = {
				BuildIndependentTargetsInParallel = 1;
				LastSwiftUpdateCheck = 1300;
				LastUpgradeCheck = 1300;
				TargetAttributes = {
					8E41FCCA269B4BA4003AE55F = {
						CreatedOnToolsVersion = 13.0;
					};
					8E41FCE0269B4BA5003AE55F = {
						CreatedOnToolsVersion = 13.0;
						TestTargetID = 8E41FCCA269B4BA4003AE55F;
					};
					8E41FCEA269B4BA5003AE55F = {
						CreatedOnToolsVersion = 13.0;
						TestTargetID = 8E41FCCA269B4BA4003AE55F;
					};
				};
			};
			buildConfigurationList = 8E41FCC6269B4BA4003AE55F /* Build configuration list for PBXProject "test071102" */;
			compatibilityVersion = "Xcode 13.0";
			developmentRegion = en;
			hasScannedForEncodings = 0;
			knownRegions = (
				en,
				Base,
			);
			mainGroup = 8E41FCC2269B4BA4003AE55F;
			productRefGroup = 8E41FCCC269B4BA4003AE55F /* Products */;
			projectDirPath = "";
			projectRoot = "";
			targets = (
				8E41FCCA269B4BA4003AE55F /* test071102 */,
				8E41FCE0269B4BA5003AE55F /* test071102Tests */,
				8E41FCEA269B4BA5003AE55F /* test071102UITests */,
			);
		};
/* End PBXProject section */

/* Begin PBXResourcesBuildPhase section */
		8E41FCC9269B4BA4003AE55F /* Resources */ = {
			isa = PBXResourcesBuildPhase;
			buildActionMask = 2147483647;
			files = (
				8E41FCDB269B4BA5003AE55F /* LaunchScreen.storyboard in Resources */,
				8E41FCD8269B4BA5003AE55F /* Assets.xcassets in Resources */,
				8E41FCD6269B4BA4003AE55F /* Main.storyboard in Resources */,
			);
			runOnlyForDeploymentPostprocessing = 0;
		};
		8E41FCDF269B4BA5003AE55F /* Resources */ = {
			isa = PBXResourcesBuildPhase;
			buildActionMask = 2147483647;
			files = (
			);
			runOnlyForDeploymentPostprocessing = 0;
		};
		8E41FCE9269B4BA5003AE55F /* Resources */ = {
			isa = PBXResourcesBuildPhase;
			buildActionMask = 2147483647;
			files = (
			);
			runOnlyForDeploymentPostprocessing = 0;
		};
/* End PBXResourcesBuildPhase section */

/* Begin PBXSourcesBuildPhase section */
		8E41FCC7269B4BA4003AE55F /* Sources */ = {
			isa = PBXSourcesBuildPhase;
			buildActionMask = 2147483647;
			files = (
				8E41FCD3269B4BA4003AE55F /* ViewController.swift in Sources */,
				8E41FCCF269B4BA4003AE55F /* AppDelegate.swift in Sources */,
				8E41FCD1269B4BA4003AE55F /* SceneDelegate.swift in Sources */,
			);
			runOnlyForDeploymentPostprocessing = 0;
		};
		8E41FCDD269B4BA5003AE55F /* Sources */ = {
			isa = PBXSourcesBuildPhase;
			buildActionMask = 2147483647;
			files = (
				8E41FCE6269B4BA5003AE55F /* test071102Tests.swift in Sources */,
			);
			runOnlyForDeploymentPostprocessing = 0;
		};
		8E41FCE7269B4BA5003AE55F /* Sources */ = {
			isa = PBXSourcesBuildPhase;
			buildActionMask = 2147483647;
			files = (
				8E41FCF0269B4BA5003AE55F /* test071102UITests.swift in Sources */,
			);
			runOnlyForDeploymentPostprocessing = 0;
		};
/* End PBXSourcesBuildPhase section */

/* Begin PBXTargetDependency section */
		8E41FCE3269B4BA5003AE55F /* PBXTargetDependency */ = {
			isa = PBXTargetDependency;
			target = 8E41FCCA269B4BA4003AE55F /* test071102 */;
			targetProxy = 8E41FCE2269B4BA5003AE55F /* PBXContainerItemProxy */;
		};
		8E41FCED269B4BA5003AE55F /* PBXTargetDependency */ = {
			isa = PBXTargetDependency;
			target = 8E41FCCA269B4BA4003AE55F /* test071102 */;
			targetProxy = 8E41FCEC269B4BA5003AE55F /* PBXContainerItemProxy */;
		};
/* End PBXTargetDependency section */

/* Begin PBXVariantGroup section */
		8E41FCD4269B4BA4003AE55F /* Main.storyboard */ = {
			isa = PBXVariantGroup;
			children = (
				8E41FCD5269B4BA4003AE55F /* Base */,
			);
			name = Main.storyboard;
			sourceTree = "<group>";
		};
		8E41FCD9269B4BA5003AE55F /* LaunchScreen.storyboard */ = {
			isa = PBXVariantGroup;
			children = (
				8E41FCDA269B4BA5003AE55F /* Base */,
			);
			name = LaunchScreen.storyboard;
			sourceTree = "<group>";
		};
/* End PBXVariantGroup section */

/* Begin XCBuildConfiguration section */
		8E41FCF1269B4BA5003AE55F /* Debug */ = {
			isa = XCBuildConfiguration;
			buildSettings = {
				ALWAYS_SEARCH_USER_PATHS = NO;
				CLANG_ANALYZER_NONNULL = YES;
				CLANG_ANALYZER_NUMBER_OBJECT_CONVERSION = YES_AGGRESSIVE;
				CLANG_CXX_LANGUAGE_STANDARD = "gnu++14";
				CLANG_CXX_LIBRARY = "libc++";
				CLANG_ENABLE_MODULES = YES;
				CLANG_ENABLE_OBJC_ARC = YES;
				CLANG_ENABLE_OBJC_WEAK = YES;
				CLANG_WARN_BLOCK_CAPTURE_AUTORELEASING = YES;
				CLANG_WARN_BOOL_CONVERSION = YES;
				CLANG_WARN_COMMA = YES;
				CLANG_WARN_CONSTANT_CONVERSION = YES;
				CLANG_WARN_DEPRECATED_OBJC_IMPLEMENTATIONS = YES;
				CLANG_WARN_DIRECT_OBJC_ISA_USAGE = YES_ERROR;
				CLANG_WARN_DOCUMENTATION_COMMENTS = YES;
				CLANG_WARN_EMPTY_BODY = YES;
				CLANG_WARN_ENUM_CONVERSION = YES;
				CLANG_WARN_INFINITE_RECURSION = YES;
				CLANG_WARN_INT_CONVERSION = YES;
				CLANG_WARN_NON_LITERAL_NULL_CONVERSION = YES;
				CLANG_WARN_OBJC_IMPLICIT_RETAIN_SELF = YES;
				CLANG_WARN_OBJC_LITERAL_CONVERSION = YES;
				CLANG_WARN_OBJC_ROOT_CLASS = YES_ERROR;
				CLANG_WARN_QUOTED_INCLUDE_IN_FRAMEWORK_HEADER = YES;
				CLANG_WARN_RANGE_LOOP_ANALYSIS = YES;
				CLANG_WARN_STRICT_PROTOTYPES = YES;
				CLANG_WARN_SUSPICIOUS_MOVE = YES;
				CLANG_WARN_UNGUARDED_AVAILABILITY = YES_AGGRESSIVE;
				CLANG_WARN_UNREACHABLE_CODE = YES;
				CLANG_WARN__DUPLICATE_METHOD_MATCH = YES;
				COPY_PHASE_STRIP = NO;
				DEBUG_INFORMATION_FORMAT = dwarf;
				ENABLE_STRICT_OBJC_MSGSEND = YES;
				ENABLE_TESTABILITY = YES;
				GCC_C_LANGUAGE_STANDARD = gnu11;
				GCC_DYNAMIC_NO_PIC = NO;
				GCC_NO_COMMON_BLOCKS = YES;
				GCC_OPTIMIZATION_LEVEL = 0;
				GCC_PREPROCESSOR_DEFINITIONS = (
					"DEBUG=1",
					"$(inherited)",
				);
				GCC_WARN_64_TO_32_BIT_CONVERSION = YES;
				GCC_WARN_ABOUT_RETURN_TYPE = YES_ERROR;
				GCC_WARN_UNDECLARED_SELECTOR = YES;
				GCC_WARN_UNINITIALIZED_AUTOS = YES_AGGRESSIVE;
				GCC_WARN_UNUSED_FUNCTION = YES;
				GCC_WARN_UNUSED_VARIABLE = YES;
				IPHONEOS_DEPLOYMENT_TARGET = 15.0;
				MTL_ENABLE_DEBUG_INFO = INCLUDE_SOURCE;
				MTL_FAST_MATH = YES;
				ONLY_ACTIVE_ARCH = YES;
				SDKROOT = iphoneos;
				SWIFT_ACTIVE_COMPILATION_CONDITIONS = DEBUG;
				SWIFT_OPTIMIZATION_LEVEL = "-Onone";
			};
			name = Debug;
		};
		8E41FCF2269B4BA5003AE55F /* Release */ = {
			isa = XCBuildConfiguration;
			buildSettings = {
				ALWAYS_SEARCH_USER_PATHS = NO;
				CLANG_ANALYZER_NONNULL = YES;
				CLANG_ANALYZER_NUMBER_OBJECT_CONVERSION = YES_AGGRESSIVE;
				CLANG_CXX_LANGUAGE_STANDARD = "gnu++14";
				CLANG_CXX_LIBRARY = "libc++";
				CLANG_ENABLE_MODULES = YES;
				CLANG_ENABLE_OBJC_ARC = YES;
				CLANG_ENABLE_OBJC_WEAK = YES;
				CLANG_WARN_BLOCK_CAPTURE_AUTORELEASING = YES;
				CLANG_WARN_BOOL_CONVERSION = YES;
				CLANG_WARN_COMMA = YES;
				CLANG_WARN_CONSTANT_CONVERSION = YES;
				CLANG_WARN_DEPRECATED_OBJC_IMPLEMENTATIONS = YES;
				CLANG_WARN_DIRECT_OBJC_ISA_USAGE = YES_ERROR;
				CLANG_WARN_DOCUMENTATION_COMMENTS = YES;
				CLANG_WARN_EMPTY_BODY = YES;
				CLANG_WARN_ENUM_CONVERSION = YES;
				CLANG_WARN_INFINITE_RECURSION = YES;
				CLANG_WARN_INT_CONVERSION = YES;
				CLANG_WARN_NON_LITERAL_NULL_CONVERSION = YES;
				CLANG_WARN_OBJC_IMPLICIT_RETAIN_SELF = YES;
				CLANG_WARN_OBJC_LITERAL_CONVERSION = YES;
				CLANG_WARN_OBJC_ROOT_CLASS = YES_ERROR;
				CLANG_WARN_QUOTED_INCLUDE_IN_FRAMEWORK_HEADER = YES;
				CLANG_WARN_RANGE_LOOP_ANALYSIS = YES;
				CLANG_WARN_STRICT_PROTOTYPES = YES;
				CLANG_WARN_SUSPICIOUS_MOVE = YES;
				CLANG_WARN_UNGUARDED_AVAILABILITY = YES_AGGRESSIVE;
				CLANG_WARN_UNREACHABLE_CODE = YES;
				CLANG_WARN__DUPLICATE_METHOD_MATCH = YES;
				COPY_PHASE_STRIP = NO;
				DEBUG_INFORMATION_FORMAT = "dwarf-with-dsym";
				ENABLE_NS_ASSERTIONS = NO;
				ENABLE_STRICT_OBJC_MSGSEND = YES;
				GCC_C_LANGUAGE_STANDARD = gnu11;
				GCC_NO_COMMON_BLOCKS = YES;
				GCC_WARN_64_TO_32_BIT_CONVERSION = YES;
				GCC_WARN_ABOUT_RETURN_TYPE = YES_ERROR;
				GCC_WARN_UNDECLARED_SELECTOR = YES;
				GCC_WARN_UNINITIALIZED_AUTOS = YES_AGGRESSIVE;
				GCC_WARN_UNUSED_FUNCTION = YES;
				GCC_WARN_UNUSED_VARIABLE = YES;
				IPHONEOS_DEPLOYMENT_TARGET = 15.0;
				MTL_ENABLE_DEBUG_INFO = NO;
				MTL_FAST_MATH = YES;
				SDKROOT = iphoneos;
				SWIFT_COMPILATION_MODE = wholemodule;
				SWIFT_OPTIMIZATION_LEVEL = "-O";
				VALIDATE_PRODUCT = YES;
			};
			name = Release;
		};
		8E41FCF4269B4BA5003AE55F /* Debug */ = {
			isa = XCBuildConfiguration;
			buildSettings = {
				ASSETCATALOG_COMPILER_APPICON_NAME = AppIcon;
				ASSETCATALOG_COMPILER_GLOBAL_ACCENT_COLOR_NAME = AccentColor;
				CODE_SIGN_STYLE = Automatic;
				CURRENT_PROJECT_VERSION = 1;
				DEVELOPMENT_TEAM = FHT427KX77;
				GENERATE_INFOPLIST_FILE = YES;
				INFOPLIST_FILE = test071102/Info.plist;
				INFOPLIST_KEY_UIApplicationSupportsIndirectInputEvents = YES;
				INFOPLIST_KEY_UILaunchStoryboardName = LaunchScreen;
				INFOPLIST_KEY_UIMainStoryboardFile = Main;
				INFOPLIST_KEY_UISupportedInterfaceOrientations_iPad = "UIInterfaceOrientationPortrait UIInterfaceOrientationPortraitUpsideDown UIInterfaceOrientationLandscapeLeft UIInterfaceOrientationLandscapeRight";
				INFOPLIST_KEY_UISupportedInterfaceOrientations_iPhone = "UIInterfaceOrientationPortrait UIInterfaceOrientationLandscapeLeft UIInterfaceOrientationLandscapeRight";
				LD_RUNPATH_SEARCH_PATHS = (
					"$(inherited)",
					"@executable_path/Frameworks",
				);
				MARKETING_VERSION = 1.0;
				PRODUCT_BUNDLE_IDENTIFIER = com.ggt.test071102;
				PRODUCT_NAME = "$(TARGET_NAME)";
				SWIFT_EMIT_LOC_STRINGS = YES;
				SWIFT_VERSION = 5.0;
				TARGETED_DEVICE_FAMILY = "1,2";
			};
			name = Debug;
		};
		8E41FCF5269B4BA5003AE55F /* Release */ = {
			isa = XCBuildConfiguration;
			buildSettings = {
				ASSETCATALOG_COMPILER_APPICON_NAME = AppIcon;
				ASSETCATALOG_COMPILER_GLOBAL_ACCENT_COLOR_NAME = AccentColor;
				CODE_SIGN_STYLE = Automatic;
				CURRENT_PROJECT_VERSION = 1;
				DEVELOPMENT_TEAM = FHT427KX77;
				GENERATE_INFOPLIST_FILE = YES;
				INFOPLIST_FILE = test071102/Info.plist;
				INFOPLIST_KEY_UIApplicationSupportsIndirectInputEvents = YES;
				INFOPLIST_KEY_UILaunchStoryboardName = LaunchScreen;
				INFOPLIST_KEY_UIMainStoryboardFile = Main;
				INFOPLIST_KEY_UISupportedInterfaceOrientations_iPad = "UIInterfaceOrientationPortrait UIInterfaceOrientationPortraitUpsideDown UIInterfaceOrientationLandscapeLeft UIInterfaceOrientationLandscapeRight";
				INFOPLIST_KEY_UISupportedInterfaceOrientations_iPhone = "UIInterfaceOrientationPortrait UIInterfaceOrientationLandscapeLeft UIInterfaceOrientationLandscapeRight";
				LD_RUNPATH_SEARCH_PATHS = (
					"$(inherited)",
					"@executable_path/Frameworks",
				);
				MARKETING_VERSION = 1.0;
				PRODUCT_BUNDLE_IDENTIFIER = com.ggt.test071102;
				PRODUCT_NAME = "$(TARGET_NAME)";
				SWIFT_EMIT_LOC_STRINGS = YES;
				SWIFT_VERSION = 5.0;
				TARGETED_DEVICE_FAMILY = "1,2";
			};
			name = Release;
		};
		8E41FCF7269B4BA5003AE55F /* Debug */ = {
			isa = XCBuildConfiguration;
			buildSettings = {
				ALWAYS_EMBED_SWIFT_STANDARD_LIBRARIES = YES;
				BUNDLE_LOADER = "$(TEST_HOST)";
				CODE_SIGN_STYLE = Automatic;
				CURRENT_PROJECT_VERSION = 1;
				DEVELOPMENT_TEAM = FHT427KX77;
				GENERATE_INFOPLIST_FILE = YES;
				IPHONEOS_DEPLOYMENT_TARGET = 15.0;
				LD_RUNPATH_SEARCH_PATHS = (
					"$(inherited)",
					"@executable_path/Frameworks",
					"@loader_path/Frameworks",
				);
				MARKETING_VERSION = 1.0;
				PRODUCT_BUNDLE_IDENTIFIER = com.ggt.test071102Tests;
				PRODUCT_NAME = "$(TARGET_NAME)";
				SWIFT_EMIT_LOC_STRINGS = NO;
				SWIFT_VERSION = 5.0;
				TARGETED_DEVICE_FAMILY = "1,2";
				TEST_HOST = "$(BUILT_PRODUCTS_DIR)/test071102.app/test071102";
			};
			name = Debug;
		};
		8E41FCF8269B4BA5003AE55F /* Release */ = {
			isa = XCBuildConfiguration;
			buildSettings = {
				ALWAYS_EMBED_SWIFT_STANDARD_LIBRARIES = YES;
				BUNDLE_LOADER = "$(TEST_HOST)";
				CODE_SIGN_STYLE = Automatic;
				CURRENT_PROJECT_VERSION = 1;
				DEVELOPMENT_TEAM = FHT427KX77;
				GENERATE_INFOPLIST_FILE = YES;
				IPHONEOS_DEPLOYMENT_TARGET = 15.0;
				LD_RUNPATH_SEARCH_PATHS = (
					"$(inherited)",
					"@executable_path/Frameworks",
					"@loader_path/Frameworks",
				);
				MARKETING_VERSION = 1.0;
				PRODUCT_BUNDLE_IDENTIFIER = com.ggt.test071102Tests;
				PRODUCT_NAME = "$(TARGET_NAME)";
				SWIFT_EMIT_LOC_STRINGS = NO;
				SWIFT_VERSION = 5.0;
				TARGETED_DEVICE_FAMILY = "1,2";
				TEST_HOST = "$(BUILT_PRODUCTS_DIR)/test071102.app/test071102";
			};
			name = Release;
		};
		8E41FCFA269B4BA5003AE55F /* Debug */ = {
			isa = XCBuildConfiguration;
			buildSettings = {
				ALWAYS_EMBED_SWIFT_STANDARD_LIBRARIES = YES;
				CODE_SIGN_STYLE = Automatic;
				CURRENT_PROJECT_VERSION = 1;
				DEVELOPMENT_TEAM = FHT427KX77;
				GENERATE_INFOPLIST_FILE = YES;
				LD_RUNPATH_SEARCH_PATHS = (
					"$(inherited)",
					"@executable_path/Frameworks",
					"@loader_path/Frameworks",
				);
				MARKETING_VERSION = 1.0;
				PRODUCT_BUNDLE_IDENTIFIER = com.ggt.test071102UITests;
				PRODUCT_NAME = "$(TARGET_NAME)";
				SWIFT_EMIT_LOC_STRINGS = NO;
				SWIFT_VERSION = 5.0;
				TARGETED_DEVICE_FAMILY = "1,2";
				TEST_TARGET_NAME = test071102;
			};
			name = Debug;
		};
		8E41FCFB269B4BA5003AE55F /* Release */ = {
			isa = XCBuildConfiguration;
			buildSettings = {
				ALWAYS_EMBED_SWIFT_STANDARD_LIBRARIES = YES;
				CODE_SIGN_STYLE = Automatic;
				CURRENT_PROJECT_VERSION = 1;
				DEVELOPMENT_TEAM = FHT427KX77;
				GENERATE_INFOPLIST_FILE = YES;
				LD_RUNPATH_SEARCH_PATHS = (
					"$(inherited)",
					"@executable_path/Frameworks",
					"@loader_path/Frameworks",
				);
				MARKETING_VERSION = 1.0;
				PRODUCT_BUNDLE_IDENTIFIER = com.ggt.test071102UITests;
				PRODUCT_NAME = "$(TARGET_NAME)";
				SWIFT_EMIT_LOC_STRINGS = NO;
				SWIFT_VERSION = 5.0;
				TARGETED_DEVICE_FAMILY = "1,2";
				TEST_TARGET_NAME = test071102;
			};
			name = Release;
		};
/* End XCBuildConfiguration section */

/* Begin XCConfigurationList section */
		8E41FCC6269B4BA4003AE55F /* Build configuration list for PBXProject "test071102" */ = {
			isa = XCConfigurationList;
			buildConfigurations = (
				8E41FCF1269B4BA5003AE55F /* Debug */,
				8E41FCF2269B4BA5003AE55F /* Release */,
			);
			defaultConfigurationIsVisible = 0;
			defaultConfigurationName = Release;
		};
		8E41FCF3269B4BA5003AE55F /* Build configuration list for PBXNativeTarget "test071102" */ = {
			isa = XCConfigurationList;
			buildConfigurations = (
				8E41FCF4269B4BA5003AE55F /* Debug */,
				8E41FCF5269B4BA5003AE55F /* Release */,
			);
			defaultConfigurationIsVisible = 0;
			defaultConfigurationName = Release;
		};
		8E41FCF6269B4BA5003AE55F /* Build configuration list for PBXNativeTarget "test071102Tests" */ = {
			isa = XCConfigurationList;
			buildConfigurations = (
				8E41FCF7269B4BA5003AE55F /* Debug */,
				8E41FCF8269B4BA5003AE55F /* Release */,
			);
			defaultConfigurationIsVisible = 0;
			defaultConfigurationName = Release;
		};
		8E41FCF9269B4BA5003AE55F /* Build configuration list for PBXNativeTarget "test071102UITests" */ = {
			isa = XCConfigurationList;
			buildConfigurations = (
				8E41FCFA269B4BA5003AE55F /* Debug */,
				8E41FCFB269B4BA5003AE55F /* Release */,
			);
			defaultConfigurationIsVisible = 0;
			defaultConfigurationName = Release;
		};
/* End XCConfigurationList section */
	};
	rootObject = 8E41FCC3269B4BA4003AE55F /* Project object */;
}
